{
  "version": "5",
  "specifiers": {
    "npm:@supabase/supabase-js@2.112.3": "2.112.3"
  },
  "npm": {
    "@supabase/auth-js@2.112.3": {
      "integrity": "sha512-NA0rsgAlWZPvbhw8aUdmgfpHVgUAcd8zK5ov43l++o1bLIPXZhRiAlRobhwF5AatQuovpqxsMH50F4oyyV4XZw==",
      "dependencies": [
        "tslib"
      ]
    },
    "@supabase/functions-js@2.112.3": {
      "integrity": "sha512-gfv481mTOVWtZIJgXupxZpni2V2UWPf6jeF/jOK7HdMHdH+mt6sU0sHHwf0POsPip8ltlulu9OUHgwVzl5ddRw==",
      "dependencies": [
        "tslib"
      ]
    },
    "@supabase/phoenix@0.4.5": {
      "integrity": "sha512-aAn9H9ovVyeApKy11OWOrrOGq8DV68yWeH4ud2lN9fzn4aO8Zb5GLL9m1pUg9nLqIcT+ZDfAcsZe0E/nqdv2lw=="
    },
    "@supabase/postgrest-js@2.112.3": {
      "integrity": "sha512-+Mf6uCpzr00bqxwX8hTK2X2L9eAL/1vuOjdEjx6upz9ulb0RmQT16XeU/JkMUlVHw/B46ZnPa2busY4Kd9YCzw==",
      "dependencies": [
        "tslib"
      ]
    },
    "@supabase/realtime-js@2.112.3": {
      "integrity": "sha512-E6wljXWs7DUOloyIB69i3YFInWE6IyCvgTAbQ0KYxOHv26FdA1KzEXTuzxrYEdf70t406Z9BRwUlGyclGF2FXA==",
      "dependencies": [
        "@supabase/phoenix",
        "tslib"
      ]
    },
    "@supabase/storage-js@2.112.3": {
      "integrity": "sha512-oSK61tzlUvg+BWPqpKQCu9qqonsO26btaoAR9D6Gest2aj7xUqToj9rKyaoYOJczkhg9BjqA1REbYy9tPI4bDA==",
      "dependencies": [
        "iceberg-js",
        "tslib"
      ]
    },
    "@supabase/supabase-js@2.112.3": {
      "integrity": "sha512-Jv1bxVQmEJNkjvPEhFaKjPzsh+Ozyew6lWGD+SoYcsclDEP1z7yEvKvfUQfzy0DkxRIQnZNxmmWtAzw5XLTQoA==",
      "dependencies": [
        "@supabase/auth-js",
        "@supabase/functions-js",
        "@supabase/postgrest-js",
        "@supabase/realtime-js",
        "@supabase/storage-js"
      ]
    },
    "iceberg-js@0.8.1": {
      "integrity": "sha512-1dhVQZXhcHje7798IVM+xoo/1ZdVfzOMIc8/rgVSijRK38EDqOJoGula9N/8ZI5RD8QTxNQtK/Gozpr+qUqRRA=="
    },
    "tslib@2.8.1": {
      "integrity": "sha512-oJFu94HQb+KVduSUQL7wnpmqnfmLsOA/nAh6b6EH0wCEoK0/mPeXU6c3wKDV83MkOuHPRHtSXKKU99IBazS/2w=="
    }
  },
  "remote": {
    "https://deno.land/x/postgres@v0.19.5/client.ts": "f8395fb22363ff012841dd4e35ee14404ecd649f9e90041c615a3251b94ebab2",
    "https://deno.land/x/postgres@v0.19.5/client/error.ts": "03e959971d421acd8064574f29550f4b6911634c984e58860306e9802e5fc991",
    "https://deno.land/x/postgres@v0.19.5/connection/auth.ts": "96a8ce1798ad5ef615dc3b4c03d1ae9bb4b9f9e9f85f6430e4ac2b362725bb66",
    "https://deno.land/x/postgres@v0.19.5/connection/connection.ts": "16d24bfc0649e5c0a178f4a3ba7044d5549226821093060a172734e211df33de",
    "https://deno.land/x/postgres@v0.19.5/connection/connection_params.ts": "a7a55ce22e7f45b12d94191291a03b089f1133828098dbbc614fc6d9a5f5e154",
    "https://deno.land/x/postgres@v0.19.5/connection/message.ts": "20da5d80fc4d7ddb7b850083e0b3fa8734eb26642221dad89c62e27d78e57a4d",
    "https://deno.land/x/postgres@v0.19.5/connection/message_code.ts": "cfbc0f2a557a91637755e8cbed41d1f8536ffb47fdd5a8957e08625a830bbc12",
    "https://deno.land/x/postgres@v0.19.5/connection/packet.ts": "17eb42ca261b4d58b4fae945b960c333ca76fa9b0bad5803b7636909e09897fc",
    "https://deno.land/x/postgres@v0.19.5/connection/scram.ts": "4c138a1d9d866a8bb1c4386837a6a1ee9481b57380561a722439dbb0ecc215d6",
    "https://deno.land/x/postgres@v0.19.5/debug.ts": "8add17699191f11e6830b8c95d9de25857d221bb2cf6c4ae22254d395895c1f9",
    "https://deno.land/x/postgres@v0.19.5/mod.ts": "fd97a0e3e8db9318e327b0bca583114718653b61a131099af82a6afb9dbe3a69",
    "https://deno.land/x/postgres@v0.19.5/pool.ts": "7b468e6e05044a0a68402379863c221d90aea701be70db482cc2fdab5ff3ca2f",
    "https://deno.land/x/postgres@v0.19.5/query/array_parser.ts": "a044d6ee1a4dc685deac37116e025abe7fdc5bf7d18f3b3db36c3e9023468710",
    "https://deno.land/x/postgres@v0.19.5/query/decode.ts": "7479fd7aea65c871a6bf0a38032d1091933b3d7ecb81ed5224cd7309fe5e68f6",
    "https://deno.land/x/postgres@v0.19.5/query/decoders.ts": "ff58328637128ce6ca26964063e6a491566ab2defc7bd0d07a8c6fa57c422dfb",
    "https://deno.land/x/postgres@v0.19.5/query/encode.ts": "2e9fc0c54f241ddec70d5f62a6ab7c060039101a8c8df7111f42f7996ab8453d",
    "https://deno.land/x/postgres@v0.19.5/query/oid.ts": "21fc714ac212350ba7df496f88ea9e01a4ee0458911d0f2b6a81498e12e7af4c",
    "https://deno.land/x/postgres@v0.19.5/query/query.ts": "a94abb12d5365eb64cfe5b6a84bb0a8a5aa6c9d92f588861825974765d4af803",
    "https://deno.land/x/postgres@v0.19.5/query/transaction.ts": "d6989379be861d4673a72189ef245670dc884f93d2f723993052eae20cbfc545",
    "https://deno.land/x/postgres@v0.19.5/query/types.ts": "540f6f973d493d63f2c0059a09f3368071f57931bba68bea408a635a3e0565d6",
    "https://deno.land/x/postgres@v0.19.5/utils/deferred.ts": "45651f19a1524f88414bbc9326ae1534854afe03f5b7537f713a3655ed2d7b9a",
    "https://deno.land/x/postgres@v0.19.5/utils/utils.ts": "ff3abca25712fc0a1543103f8ebed057ae9d2bc251e286c883ac65e86fcdc6c9"
  },
  "workspace": {
    "dependencies": [
      "npm:@supabase/supabase-js@2.112.3"
    ]
  }
}
